
Microsoft Visual Studio Solution File, Format Version 12.00
# Visual Studio Version 16
VisualStudioVersion = 16.0.31624.102
MinimumVisualStudioVersion = 10.0.40219.1
Project("{FAE04EC0-301F-11D3-BF4B-00C04F79EFBC}") = "Snake", "Snake.csproj", "{C2BD6FB7-75D7-4965-ABA5-B00707C98578}"
EndProject
Global
	GlobalSection(SolutionConfigurationPlatforms) = preSolution
		Debug|Any CPU = Debug|Any CPU
		Release|Any CPU = Release|Any CPU
	EndGlobalSection
	GlobalSection(ProjectConfigurationPlatforms) = postSolution
		{C2BD6FB7-75D7-4965-ABA5-B00707C98578}.Debug|Any CPU.ActiveCfg = Debug|Any CPU
		{C2BD6FB7-75D7-4965-ABA5-B00707C98578}.Debug|Any CPU.Build.0 = Debug|Any CPU
		{C2BD6FB7-75D7-4965-ABA5-B00707C98578}.Release|Any CPU.ActiveCfg = Release|Any CPU
		{C2BD6FB7-75D7-4965-ABA5-B00707C98578}.Release|Any CPU.Build.0 = Release|Any CPU
	EndGlobalSection
	GlobalSection(SolutionProperties) = preSolution
		HideSolutionNode = FALSE
	EndGlobalSection
	GlobalSection(ExtensibilityGlobals) = postSolution
		SolutionGuid = {5E1A1CCC-B558-4CDC-88F0-907FD5EA49BE}
	EndGlobalSection
EndGlobal
